
Microsoft Visual Studio Solution File, Format Version 12.00
# Visual Studio Version 16
VisualStudioVersion = 16.0.31911.196
MinimumVisualStudioVersion = 10.0.40219.1
Project("{FAE04EC0-301F-11D3-BF4B-00C04F79EFBC}") = "DepositCalculator", "DepositCalculator.csproj", "{D587F8F4-612A-4AF2-9725-5557097D28CD}"
EndProject
Global
	GlobalSection(SolutionConfigurationPlatforms) = preSolution
		Debug|Any CPU = Debug|Any CPU
		Release|Any CPU = Release|Any CPU
	EndGlobalSection
	GlobalSection(ProjectConfigurationPlatforms) = postSolution
		{D587F8F4-612A-4AF2-9725-5557097D28CD}.Debug|Any CPU.ActiveCfg = Debug|Any CPU
		{D587F8F4-612A-4AF2-9725-5557097D28CD}.Debug|Any CPU.Build.0 = Debug|Any CPU
		{D587F8F4-612A-4AF2-9725-5557097D28CD}.Release|Any CPU.ActiveCfg = Release|Any CPU
		{D587F8F4-612A-4AF2-9725-5557097D28CD}.Release|Any CPU.Build.0 = Release|Any CPU
	EndGlobalSection
	GlobalSection(SolutionProperties) = preSolution
		HideSolutionNode = FALSE
	EndGlobalSection
	GlobalSection(ExtensibilityGlobals) = postSolution
		SolutionGuid = {10C3219D-28BE-4D74-9371-EBBB01F56579}
	EndGlobalSection
EndGlobal
